
Microsoft Visual Studio Solution File, Format Version 12.00
# Visual Studio 14
VisualStudioVersion = 14.0.25420.1
MinimumVisualStudioVersion = 10.0.40219.1
Project("{8BC9CEB8-8B4A-11D0-8D11-00A0C91BC942}") = "NameScoreSorter", "NameScoreSorter\NameScoreSorter.vcxproj", "{2B9CF41F-8CCF-40B6-AAC8-3611348E3402}"
EndProject
Project("{8BC9CEB8-8B4A-11D0-8D11-00A0C91BC942}") = "GoogleTest", "GoogleTest\GoogleTest.vcxproj", "{88CEC5C8-58E0-4E6C-B21E-E446024E54DC}"
EndProject
Project("{8BC9CEB8-8B4A-11D0-8D11-00A0C91BC942}") = "unittest_NameScoreSorter", "unittest_NameScoreSorter\unittest_NameScoreSorter.vcxproj", "{A5EDEC30-76A9-48ED-94A2-2DCFD6B56BAA}"
EndProject
Global
	GlobalSection(SolutionConfigurationPlatforms) = preSolution
		Debug|x64 = Debug|x64
		Debug|x86 = Debug|x86
		Release|x64 = Release|x64
		Release|x86 = Release|x86
	EndGlobalSection
	GlobalSection(ProjectConfigurationPlatforms) = postSolution
		{2B9CF41F-8CCF-40B6-AAC8-3611348E3402}.Debug|x64.ActiveCfg = Debug|x64
		{2B9CF41F-8CCF-40B6-AAC8-3611348E3402}.Debug|x64.Build.0 = Debug|x64
		{2B9CF41F-8CCF-40B6-AAC8-3611348E3402}.Debug|x86.ActiveCfg = Debug|Win32
		{2B9CF41F-8CCF-40B6-AAC8-3611348E3402}.Debug|x86.Build.0 = Debug|Win32
		{2B9CF41F-8CCF-40B6-AAC8-3611348E3402}.Release|x64.ActiveCfg = Release|x64
		{2B9CF41F-8CCF-40B6-AAC8-3611348E3402}.Release|x64.Build.0 = Release|x64
		{2B9CF41F-8CCF-40B6-AAC8-3611348E3402}.Release|x86.ActiveCfg = Release|Win32
		{2B9CF41F-8CCF-40B6-AAC8-3611348E3402}.Release|x86.Build.0 = Release|Win32
		{88CEC5C8-58E0-4E6C-B21E-E446024E54DC}.Debug|x64.ActiveCfg = Debug|x64
		{88CEC5C8-58E0-4E6C-B21E-E446024E54DC}.Debug|x64.Build.0 = Debug|x64
		{88CEC5C8-58E0-4E6C-B21E-E446024E54DC}.Debug|x86.ActiveCfg = Debug|Win32
		{88CEC5C8-58E0-4E6C-B21E-E446024E54DC}.Debug|x86.Build.0 = Debug|Win32
		{88CEC5C8-58E0-4E6C-B21E-E446024E54DC}.Release|x64.ActiveCfg = Release|x64
		{88CEC5C8-58E0-4E6C-B21E-E446024E54DC}.Release|x64.Build.0 = Release|x64
		{88CEC5C8-58E0-4E6C-B21E-E446024E54DC}.Release|x86.ActiveCfg = Release|Win32
		{88CEC5C8-58E0-4E6C-B21E-E446024E54DC}.Release|x86.Build.0 = Release|Win32
		{A5EDEC30-76A9-48ED-94A2-2DCFD6B56BAA}.Debug|x64.ActiveCfg = Debug|x64
		{A5EDEC30-76A9-48ED-94A2-2DCFD6B56BAA}.Debug|x64.Build.0 = Debug|x64
		{A5EDEC30-76A9-48ED-94A2-2DCFD6B56BAA}.Debug|x86.ActiveCfg = Debug|Win32
		{A5EDEC30-76A9-48ED-94A2-2DCFD6B56BAA}.Debug|x86.Build.0 = Debug|Win32
		{A5EDEC30-76A9-48ED-94A2-2DCFD6B56BAA}.Release|x64.ActiveCfg = Release|x64
		{A5EDEC30-76A9-48ED-94A2-2DCFD6B56BAA}.Release|x64.Build.0 = Release|x64
		{A5EDEC30-76A9-48ED-94A2-2DCFD6B56BAA}.Release|x86.ActiveCfg = Release|Win32
		{A5EDEC30-76A9-48ED-94A2-2DCFD6B56BAA}.Release|x86.Build.0 = Release|Win32
	EndGlobalSection
	GlobalSection(SolutionProperties) = preSolution
		HideSolutionNode = FALSE
	EndGlobalSection
EndGlobal
